// !$*UTF8*$!
{
	archiveVersion = 1;
	classes = {
	};
	objectVersion = 46;
	objects = {

/* Begin PBXBuildFile section */
		6D000B5F21A83E9B00713FD6 /* ViperSimpleTableViewDataSource.swift in Sources */ = {isa = PBXBuildFile; fileRef = 6D000B5E21A83E9B00713FD6 /* ViperSimpleTableViewDataSource.swift */; };
		6D000B6121A846CF00713FD6 /* ViperSimpleDataSourcePresenter.swift in Sources */ = {isa = PBXBuildFile; fileRef = 6D000B6021A846CF00713FD6 /* ViperSimpleDataSourcePresenter.swift */; };
		6DF37C562120880F00348E16 /* ViperViewController.swift in Sources */ = {isa = PBXBuildFile; fileRef = 6DF37C552120880F00348E16 /* ViperViewController.swift */; };
		6DF37C582120882C00348E16 /* ViperPresenter.swift in Sources */ = {isa = PBXBuildFile; fileRef = 6DF37C572120882C00348E16 /* ViperPresenter.swift */; };
		6DF37C5A212089B600348E16 /* ViperUseCase.swift in Sources */ = {isa = PBXBuildFile; fileRef = 6DF37C59212089B600348E16 /* ViperUseCase.swift */; };
		6DF37C5C21208A1200348E16 /* ViperUseCaseOutput.swift in Sources */ = {isa = PBXBuildFile; fileRef = 6DF37C5B21208A1200348E16 /* ViperUseCaseOutput.swift */; };
		6DF37C5E21208A3C00348E16 /* ViperPresenterOutput.swift in Sources */ = {isa = PBXBuildFile; fileRef = 6DF37C5D21208A3C00348E16 /* ViperPresenterOutput.swift */; };
		6DF37C6221208B3500348E16 /* ViperConnector.swift in Sources */ = {isa = PBXBuildFile; fileRef = 6DF37C6121208B3500348E16 /* ViperConnector.swift */; };
		B31212231E4AB3CD0050EBB9 /* TransactionListPresenter.swift in Sources */ = {isa = PBXBuildFile; fileRef = B31212201E4AB3CD0050EBB9 /* TransactionListPresenter.swift */; };
		B31212241E4AB3CD0050EBB9 /* TransactionListPresenterOutput.swift in Sources */ = {isa = PBXBuildFile; fileRef = B31212211E4AB3CD0050EBB9 /* TransactionListPresenterOutput.swift */; };
		B312122D1E4ABA730050EBB9 /* TransactionListAdapter.swift in Sources */ = {isa = PBXBuildFile; fileRef = B312122C1E4ABA730050EBB9 /* TransactionListAdapter.swift */; };
		B313A8931D6E97F200A6F508 /* Assets.xcassets in Resources */ = {isa = PBXBuildFile; fileRef = B313A8921D6E97F200A6F508 /* Assets.xcassets */; };
		B313A8961D6E97F200A6F508 /* LaunchScreen.storyboard in Resources */ = {isa = PBXBuildFile; fileRef = B313A8941D6E97F200A6F508 /* LaunchScreen.storyboard */; };
		B331C32B1E9C3E7A00344D09 /* TransactionListGrandFooterCell.swift in Sources */ = {isa = PBXBuildFile; fileRef = B331C3291E9C3DB200344D09 /* TransactionListGrandFooterCell.swift */; };
		B348D6E51EB7F95300BC010E /* DateFormatter+Format.swift in Sources */ = {isa = PBXBuildFile; fileRef = B348D6E41EB7F95300BC010E /* DateFormatter+Format.swift */; };
		B34F7A431E7763710059252C /* TransactionListCell.swift in Sources */ = {isa = PBXBuildFile; fileRef = B34F7A421E7763710059252C /* TransactionListCell.swift */; };
		B34F7A451E7763AF0059252C /* TransactionListHeaderCell.swift in Sources */ = {isa = PBXBuildFile; fileRef = B34F7A441E7763AF0059252C /* TransactionListHeaderCell.swift */; };
		B34F7A471E7763F80059252C /* TransactionListSubheaderCell.swift in Sources */ = {isa = PBXBuildFile; fileRef = B34F7A461E7763F80059252C /* TransactionListSubheaderCell.swift */; };
		B34F7A491E7764B30059252C /* TransactionListDetailCell.swift in Sources */ = {isa = PBXBuildFile; fileRef = B34F7A481E7764B30059252C /* TransactionListDetailCell.swift */; };
		B34F7A4B1E7764E40059252C /* TransactionListSubfooterCell.swift in Sources */ = {isa = PBXBuildFile; fileRef = B34F7A4A1E7764E40059252C /* TransactionListSubfooterCell.swift */; };
		B34F7A4D1E7765330059252C /* TransactionListFooterCell.swift in Sources */ = {isa = PBXBuildFile; fileRef = B34F7A4C1E7765320059252C /* TransactionListFooterCell.swift */; };
		B34F7A4F1E77656A0059252C /* TransactionListMessageCell.swift in Sources */ = {isa = PBXBuildFile; fileRef = B34F7A4E1E77656A0059252C /* TransactionListMessageCell.swift */; };
		B34F7A641E7809640059252C /* TransactionGroup.swift in Sources */ = {isa = PBXBuildFile; fileRef = B34F7A631E7809640059252C /* TransactionGroup.swift */; };
		B357A1751EB16045005DF42D /* TransactionListViewModel.swift in Sources */ = {isa = PBXBuildFile; fileRef = B357A1741EB16045005DF42D /* TransactionListViewModel.swift */; };
		B3721B9F1E860BCC0016D404 /* Color.swift in Sources */ = {isa = PBXBuildFile; fileRef = B3721B9E1E860BCC0016D404 /* Color.swift */; };
		B3C502681F5C6C050018D14A /* TransactionListViewReadyUseCaseOutput.swift in Sources */ = {isa = PBXBuildFile; fileRef = B3C502671F5C6C050018D14A /* TransactionListViewReadyUseCaseOutput.swift */; };
		B3C5026A1F5C6F310018D14A /* TransactionListViewReadyPresenterOutput.swift in Sources */ = {isa = PBXBuildFile; fileRef = B3C502691F5C6F310018D14A /* TransactionListViewReadyPresenterOutput.swift */; };
		B3DEB40A1F17ABD500CEE4EF /* OneSourceManager.swift in Sources */ = {isa = PBXBuildFile; fileRef = B3DEB4061F17ABD500CEE4EF /* OneSourceManager.swift */; };
		B3DEB40B1F17ABD500CEE4EF /* OneSourceManagerImpl.swift in Sources */ = {isa = PBXBuildFile; fileRef = B3DEB4071F17ABD500CEE4EF /* OneSourceManagerImpl.swift */; };
		B3DEB40C1F17ABD500CEE4EF /* TwoSourceManager.swift in Sources */ = {isa = PBXBuildFile; fileRef = B3DEB4081F17ABD500CEE4EF /* TwoSourceManager.swift */; };
		B3DEB40D1F17ABD500CEE4EF /* TwoSourceManagerImpl.swift in Sources */ = {isa = PBXBuildFile; fileRef = B3DEB4091F17ABD500CEE4EF /* TwoSourceManagerImpl.swift */; };
		B3F4F2F31E4AA18500E65A75 /* TransactionListUseCaseOutput.swift in Sources */ = {isa = PBXBuildFile; fileRef = B3F4F2F21E4AA18500E65A75 /* TransactionListUseCaseOutput.swift */; };
		B3FA9B401D6FEA470076422B /* EntityGateway.swift in Sources */ = {isa = PBXBuildFile; fileRef = B3FA9B3F1D6FEA470076422B /* EntityGateway.swift */; };
		B3FA9B421D6FEAE50076422B /* TransactionEntity.swift in Sources */ = {isa = PBXBuildFile; fileRef = B3FA9B411D6FEAE50076422B /* TransactionEntity.swift */; };
		B3FA9B441D6FEB440076422B /* EntityGatewayImpl.swift in Sources */ = {isa = PBXBuildFile; fileRef = B3FA9B431D6FEB440076422B /* EntityGatewayImpl.swift */; };
		B3FA9B821D73382D0076422B /* TransactionListConnector.swift in Sources */ = {isa = PBXBuildFile; fileRef = B3FA9B751D73382D0076422B /* TransactionListConnector.swift */; };
		B3FA9B851D73382D0076422B /* TransactionListUseCase.swift in Sources */ = {isa = PBXBuildFile; fileRef = B3FA9B7A1D73382D0076422B /* TransactionListUseCase.swift */; };
		B3FA9B861D73382D0076422B /* TransactionListViewReadyOneSourceUseCaseTransformer.swift in Sources */ = {isa = PBXBuildFile; fileRef = B3FA9B7B1D73382D0076422B /* TransactionListViewReadyOneSourceUseCaseTransformer.swift */; };
		B3FA9B871D73382D0076422B /* TransactionListViewReadyTwoSourceUseCaseTransformer.swift in Sources */ = {isa = PBXBuildFile; fileRef = B3FA9B7C1D73382D0076422B /* TransactionListViewReadyTwoSourceUseCaseTransformer.swift */; };
		B3FA9B8A1D73382D0076422B /* TransactionListViewController.swift in Sources */ = {isa = PBXBuildFile; fileRef = B3FA9B801D73382D0076422B /* TransactionListViewController.swift */; };
		B3FA9B8C1D7338420076422B /* Main.storyboard in Resources */ = {isa = PBXBuildFile; fileRef = B3FA9B8B1D7338420076422B /* Main.storyboard */; };
		B3FA9B8E1D73385B0076422B /* AppDelegate.swift in Sources */ = {isa = PBXBuildFile; fileRef = B3FA9B8D1D73385B0076422B /* AppDelegate.swift */; };
/* End PBXBuildFile section */

/* Begin PBXFileReference section */
		6D000B5E21A83E9B00713FD6 /* ViperSimpleTableViewDataSource.swift */ = {isa = PBXFileReference; fileEncoding = 4; lastKnownFileType = sourcecode.swift; path = ViperSimpleTableViewDataSource.swift; sourceTree = "<group>"; };
		6D000B6021A846CF00713FD6 /* ViperSimpleDataSourcePresenter.swift */ = {isa = PBXFileReference; lastKnownFileType = sourcecode.swift; path = ViperSimpleDataSourcePresenter.swift; sourceTree = "<group>"; };
		6DF37C552120880F00348E16 /* ViperViewController.swift */ = {isa = PBXFileReference; fileEncoding = 4; lastKnownFileType = sourcecode.swift; path = ViperViewController.swift; sourceTree = "<group>"; };
		6DF37C572120882C00348E16 /* ViperPresenter.swift */ = {isa = PBXFileReference; lastKnownFileType = sourcecode.swift; path = ViperPresenter.swift; sourceTree = "<group>"; };
		6DF37C59212089B600348E16 /* ViperUseCase.swift */ = {isa = PBXFileReference; lastKnownFileType = sourcecode.swift; path = ViperUseCase.swift; sourceTree = "<group>"; };
		6DF37C5B21208A1200348E16 /* ViperUseCaseOutput.swift */ = {isa = PBXFileReference; lastKnownFileType = sourcecode.swift; path = ViperUseCaseOutput.swift; sourceTree = "<group>"; };
		6DF37C5D21208A3C00348E16 /* ViperPresenterOutput.swift */ = {isa = PBXFileReference; lastKnownFileType = sourcecode.swift; path = ViperPresenterOutput.swift; sourceTree = "<group>"; };
		6DF37C6121208B3500348E16 /* ViperConnector.swift */ = {isa = PBXFileReference; lastKnownFileType = sourcecode.swift; path = ViperConnector.swift; sourceTree = "<group>"; };
		B31212201E4AB3CD0050EBB9 /* TransactionListPresenter.swift */ = {isa = PBXFileReference; fileEncoding = 4; lastKnownFileType = sourcecode.swift; path = TransactionListPresenter.swift; sourceTree = "<group>"; };
		B31212211E4AB3CD0050EBB9 /* TransactionListPresenterOutput.swift */ = {isa = PBXFileReference; fileEncoding = 4; lastKnownFileType = sourcecode.swift; path = TransactionListPresenterOutput.swift; sourceTree = "<group>"; };
		B312122C1E4ABA730050EBB9 /* TransactionListAdapter.swift */ = {isa = PBXFileReference; fileEncoding = 4; lastKnownFileType = sourcecode.swift; path = TransactionListAdapter.swift; sourceTree = "<group>"; };
		B313A8881D6E97F200A6F508 /* CleanReportTableDemo.app */ = {isa = PBXFileReference; explicitFileType = wrapper.application; includeInIndex = 0; path = CleanReportTableDemo.app; sourceTree = BUILT_PRODUCTS_DIR; };
		B313A8921D6E97F200A6F508 /* Assets.xcassets */ = {isa = PBXFileReference; lastKnownFileType = folder.assetcatalog; path = Assets.xcassets; sourceTree = "<group>"; };
		B313A8951D6E97F200A6F508 /* Base */ = {isa = PBXFileReference; lastKnownFileType = file.storyboard; name = Base; path = Base.lproj/LaunchScreen.storyboard; sourceTree = "<group>"; };
		B313A8971D6E97F200A6F508 /* Info.plist */ = {isa = PBXFileReference; lastKnownFileType = text.plist.xml; path = Info.plist; sourceTree = "<group>"; };
		B331C3291E9C3DB200344D09 /* TransactionListGrandFooterCell.swift */ = {isa = PBXFileReference; fileEncoding = 4; lastKnownFileType = sourcecode.swift; path = TransactionListGrandFooterCell.swift; sourceTree = "<group>"; };
		B348D6E41EB7F95300BC010E /* DateFormatter+Format.swift */ = {isa = PBXFileReference; fileEncoding = 4; lastKnownFileType = sourcecode.swift; path = "DateFormatter+Format.swift"; sourceTree = "<group>"; };
		B34F7A421E7763710059252C /* TransactionListCell.swift */ = {isa = PBXFileReference; fileEncoding = 4; lastKnownFileType = sourcecode.swift; path = TransactionListCell.swift; sourceTree = "<group>"; };
		B34F7A441E7763AF0059252C /* TransactionListHeaderCell.swift */ = {isa = PBXFileReference; fileEncoding = 4; lastKnownFileType = sourcecode.swift; path = TransactionListHeaderCell.swift; sourceTree = "<group>"; };
		B34F7A461E7763F80059252C /* TransactionListSubheaderCell.swift */ = {isa = PBXFileReference; fileEncoding = 4; lastKnownFileType = sourcecode.swift; path = TransactionListSubheaderCell.swift; sourceTree = "<group>"; };
		B34F7A481E7764B30059252C /* TransactionListDetailCell.swift */ = {isa = PBXFileReference; fileEncoding = 4; lastKnownFileType = sourcecode.swift; path = TransactionListDetailCell.swift; sourceTree = "<group>"; };
		B34F7A4A1E7764E40059252C /* TransactionListSubfooterCell.swift */ = {isa = PBXFileReference; fileEncoding = 4; lastKnownFileType = sourcecode.swift; path = TransactionListSubfooterCell.swift; sourceTree = "<group>"; };
		B34F7A4C1E7765320059252C /* TransactionListFooterCell.swift */ = {isa = PBXFileReference; fileEncoding = 4; lastKnownFileType = sourcecode.swift; path = TransactionListFooterCell.swift; sourceTree = "<group>"; };
		B34F7A4E1E77656A0059252C /* TransactionListMessageCell.swift */ = {isa = PBXFileReference; fileEncoding = 4; lastKnownFileType = sourcecode.swift; path = TransactionListMessageCell.swift; sourceTree = "<group>"; };
		B34F7A631E7809640059252C /* TransactionGroup.swift */ = {isa = PBXFileReference; fileEncoding = 4; lastKnownFileType = sourcecode.swift; path = TransactionGroup.swift; sourceTree = "<group>"; };
		B357A1741EB16045005DF42D /* TransactionListViewModel.swift */ = {isa = PBXFileReference; fileEncoding = 4; lastKnownFileType = sourcecode.swift; path = TransactionListViewModel.swift; sourceTree = "<group>"; };
		B3721B9E1E860BCC0016D404 /* Color.swift */ = {isa = PBXFileReference; fileEncoding = 4; lastKnownFileType = sourcecode.swift; path = Color.swift; sourceTree = "<group>"; };
		B3C502671F5C6C050018D14A /* TransactionListViewReadyUseCaseOutput.swift */ = {isa = PBXFileReference; fileEncoding = 4; lastKnownFileType = sourcecode.swift; path = TransactionListViewReadyUseCaseOutput.swift; sourceTree = "<group>"; };
		B3C502691F5C6F310018D14A /* TransactionListViewReadyPresenterOutput.swift */ = {isa = PBXFileReference; fileEncoding = 4; lastKnownFileType = sourcecode.swift; path = TransactionListViewReadyPresenterOutput.swift; sourceTree = "<group>"; };
		B3DEB4061F17ABD500CEE4EF /* OneSourceManager.swift */ = {isa = PBXFileReference; fileEncoding = 4; lastKnownFileType = sourcecode.swift; path = OneSourceManager.swift; sourceTree = "<group>"; };
		B3DEB4071F17ABD500CEE4EF /* OneSourceManagerImpl.swift */ = {isa = PBXFileReference; fileEncoding = 4; lastKnownFileType = sourcecode.swift; path = OneSourceManagerImpl.swift; sourceTree = "<group>"; };
		B3DEB4081F17ABD500CEE4EF /* TwoSourceManager.swift */ = {isa = PBXFileReference; fileEncoding = 4; lastKnownFileType = sourcecode.swift; path = TwoSourceManager.swift; sourceTree = "<group>"; };
		B3DEB4091F17ABD500CEE4EF /* TwoSourceManagerImpl.swift */ = {isa = PBXFileReference; fileEncoding = 4; lastKnownFileType = sourcecode.swift; path = TwoSourceManagerImpl.swift; sourceTree = "<group>"; };
		B3F4F2F21E4AA18500E65A75 /* TransactionListUseCaseOutput.swift */ = {isa = PBXFileReference; fileEncoding = 4; lastKnownFileType = sourcecode.swift; path = TransactionListUseCaseOutput.swift; sourceTree = "<group>"; };
		B3FA9B3F1D6FEA470076422B /* EntityGateway.swift */ = {isa = PBXFileReference; fileEncoding = 4; lastKnownFileType = sourcecode.swift; path = EntityGateway.swift; sourceTree = "<group>"; };
		B3FA9B411D6FEAE50076422B /* TransactionEntity.swift */ = {isa = PBXFileReference; fileEncoding = 4; lastKnownFileType = sourcecode.swift; path = TransactionEntity.swift; sourceTree = "<group>"; };
		B3FA9B431D6FEB440076422B /* EntityGatewayImpl.swift */ = {isa = PBXFileReference; fileEncoding = 4; lastKnownFileType = sourcecode.swift; path = EntityGatewayImpl.swift; sourceTree = "<group>"; };
		B3FA9B751D73382D0076422B /* TransactionListConnector.swift */ = {isa = PBXFileReference; fileEncoding = 4; lastKnownFileType = sourcecode.swift; path = TransactionListConnector.swift; sourceTree = "<group>"; };
		B3FA9B7A1D73382D0076422B /* TransactionListUseCase.swift */ = {isa = PBXFileReference; fileEncoding = 4; lastKnownFileType = sourcecode.swift; path = TransactionListUseCase.swift; sourceTree = "<group>"; };
		B3FA9B7B1D73382D0076422B /* TransactionListViewReadyOneSourceUseCaseTransformer.swift */ = {isa = PBXFileReference; fileEncoding = 4; lastKnownFileType = sourcecode.swift; path = TransactionListViewReadyOneSourceUseCaseTransformer.swift; sourceTree = "<group>"; };
		B3FA9B7C1D73382D0076422B /* TransactionListViewReadyTwoSourceUseCaseTransformer.swift */ = {isa = PBXFileReference; fileEncoding = 4; lastKnownFileType = sourcecode.swift; path = TransactionListViewReadyTwoSourceUseCaseTransformer.swift; sourceTree = "<group>"; };
		B3FA9B801D73382D0076422B /* TransactionListViewController.swift */ = {isa = PBXFileReference; fileEncoding = 4; lastKnownFileType = sourcecode.swift; path = TransactionListViewController.swift; sourceTree = "<group>"; };
		B3FA9B8B1D7338420076422B /* Main.storyboard */ = {isa = PBXFileReference; fileEncoding = 4; lastKnownFileType = file.storyboard; path = Main.storyboard; sourceTree = "<group>"; };
		B3FA9B8D1D73385B0076422B /* AppDelegate.swift */ = {isa = PBXFileReference; fileEncoding = 4; lastKnownFileType = sourcecode.swift; path = AppDelegate.swift; sourceTree = "<group>"; };
/* End PBXFileReference section */

/* Begin PBXFrameworksBuildPhase section */
		B313A8851D6E97F200A6F508 /* Frameworks */ = {
			isa = PBXFrameworksBuildPhase;
			buildActionMask = 2147483647;
			files = (
			);
			runOnlyForDeploymentPostprocessing = 0;
		};
/* End PBXFrameworksBuildPhase section */

/* Begin PBXGroup section */
		6DF37C542120880F00348E16 /* Viper */ = {
			isa = PBXGroup;
			children = (
				6D000B5E21A83E9B00713FD6 /* ViperSimpleTableViewDataSource.swift */,
				6DF37C552120880F00348E16 /* ViperViewController.swift */,
				6DF37C572120882C00348E16 /* ViperPresenter.swift */,
				6DF37C59212089B600348E16 /* ViperUseCase.swift */,
				6DF37C5B21208A1200348E16 /* ViperUseCaseOutput.swift */,
				6DF37C5D21208A3C00348E16 /* ViperPresenterOutput.swift */,
				6DF37C6121208B3500348E16 /* ViperConnector.swift */,
				6D000B6021A846CF00713FD6 /* ViperSimpleDataSourcePresenter.swift */,
			);
			path = Viper;
			sourceTree = "<group>";
		};
		B312121E1E4AB3CD0050EBB9 /* Presenter */ = {
			isa = PBXGroup;
			children = (
				B31212201E4AB3CD0050EBB9 /* TransactionListPresenter.swift */,
				B31212211E4AB3CD0050EBB9 /* TransactionListPresenterOutput.swift */,
				B3C502691F5C6F310018D14A /* TransactionListViewReadyPresenterOutput.swift */,
				B357A1741EB16045005DF42D /* TransactionListViewModel.swift */,
			);
			path = Presenter;
			sourceTree = "<group>";
		};
		B313A87F1D6E97F200A6F508 = {
			isa = PBXGroup;
			children = (
				B313A88A1D6E97F200A6F508 /* CleanReportTableDemo */,
				B313A8891D6E97F200A6F508 /* Products */,
			);
			sourceTree = "<group>";
		};
		B313A8891D6E97F200A6F508 /* Products */ = {
			isa = PBXGroup;
			children = (
				B313A8881D6E97F200A6F508 /* CleanReportTableDemo.app */,
			);
			name = Products;
			sourceTree = "<group>";
		};
		B313A88A1D6E97F200A6F508 /* CleanReportTableDemo */ = {
			isa = PBXGroup;
			children = (
				B348D6E41EB7F95300BC010E /* DateFormatter+Format.swift */,
				B3721B9E1E860BCC0016D404 /* Color.swift */,
				B3FA9B8D1D73385B0076422B /* AppDelegate.swift */,
				B3FA9B191D6FE3800076422B /* Entities */,
				B3FA9B181D6FE3620076422B /* EntityGateway */,
				B3DEB4051F17ABD500CEE4EF /* Managers */,
				B3FA9B711D73382D0076422B /* Scenes */,
				B313A8941D6E97F200A6F508 /* LaunchScreen.storyboard */,
				B313A8921D6E97F200A6F508 /* Assets.xcassets */,
				B313A8971D6E97F200A6F508 /* Info.plist */,
			);
			path = CleanReportTableDemo;
			sourceTree = "<group>";
		};
		B34F7A3A1E7762A50059252C /* Cells */ = {
			isa = PBXGroup;
			children = (
				B34F7A421E7763710059252C /* TransactionListCell.swift */,
				B34F7A441E7763AF0059252C /* TransactionListHeaderCell.swift */,
				B34F7A461E7763F80059252C /* TransactionListSubheaderCell.swift */,
				B34F7A481E7764B30059252C /* TransactionListDetailCell.swift */,
				B34F7A4A1E7764E40059252C /* TransactionListSubfooterCell.swift */,
				B34F7A4C1E7765320059252C /* TransactionListFooterCell.swift */,
				B331C3291E9C3DB200344D09 /* TransactionListGrandFooterCell.swift */,
				B34F7A4E1E77656A0059252C /* TransactionListMessageCell.swift */,
			);
			path = Cells;
			sourceTree = "<group>";
		};
		B3DEB4051F17ABD500CEE4EF /* Managers */ = {
			isa = PBXGroup;
			children = (
				B3DEB4061F17ABD500CEE4EF /* OneSourceManager.swift */,
				B3DEB4071F17ABD500CEE4EF /* OneSourceManagerImpl.swift */,
				B3DEB4081F17ABD500CEE4EF /* TwoSourceManager.swift */,
				B3DEB4091F17ABD500CEE4EF /* TwoSourceManagerImpl.swift */,
			);
			path = Managers;
			sourceTree = "<group>";
		};
		B3FA9B181D6FE3620076422B /* EntityGateway */ = {
			isa = PBXGroup;
			children = (
				B3FA9B3F1D6FEA470076422B /* EntityGateway.swift */,
				B3FA9B431D6FEB440076422B /* EntityGatewayImpl.swift */,
			);
			path = EntityGateway;
			sourceTree = "<group>";
		};
		B3FA9B191D6FE3800076422B /* Entities */ = {
			isa = PBXGroup;
			children = (
				B3FA9B411D6FEAE50076422B /* TransactionEntity.swift */,
				B34F7A631E7809640059252C /* TransactionGroup.swift */,
			);
			path = Entities;
			sourceTree = "<group>";
		};
		B3FA9B711D73382D0076422B /* Scenes */ = {
			isa = PBXGroup;
			children = (
				6DF37C542120880F00348E16 /* Viper */,
				B3FA9B8B1D7338420076422B /* Main.storyboard */,
				B3FA9B721D73382D0076422B /* AccountDetailsTransactionList */,
			);
			path = Scenes;
			sourceTree = "<group>";
		};
		B3FA9B721D73382D0076422B /* AccountDetailsTransactionList */ = {
			isa = PBXGroup;
			children = (
				B3FA9B741D73382D0076422B /* Connector */,
				B3FA9B7D1D73382D0076422B /* View */,
				B312121E1E4AB3CD0050EBB9 /* Presenter */,
				B3FA9B791D73382D0076422B /* UseCase */,
			);
			path = AccountDetailsTransactionList;
			sourceTree = "<group>";
		};
		B3FA9B741D73382D0076422B /* Connector */ = {
			isa = PBXGroup;
			children = (
				B3FA9B751D73382D0076422B /* TransactionListConnector.swift */,
			);
			path = Connector;
			sourceTree = "<group>";
		};
		B3FA9B791D73382D0076422B /* UseCase */ = {
			isa = PBXGroup;
			children = (
				B3FA9B7A1D73382D0076422B /* TransactionListUseCase.swift */,
				B3F4F2F21E4AA18500E65A75 /* TransactionListUseCaseOutput.swift */,
				B3C502671F5C6C050018D14A /* TransactionListViewReadyUseCaseOutput.swift */,
				B3FA9B7B1D73382D0076422B /* TransactionListViewReadyOneSourceUseCaseTransformer.swift */,
				B3FA9B7C1D73382D0076422B /* TransactionListViewReadyTwoSourceUseCaseTransformer.swift */,
			);
			path = UseCase;
			sourceTree = "<group>";
		};
		B3FA9B7D1D73382D0076422B /* View */ = {
			isa = PBXGroup;
			children = (
				B3FA9B801D73382D0076422B /* TransactionListViewController.swift */,
				B312122C1E4ABA730050EBB9 /* TransactionListAdapter.swift */,
				B34F7A3A1E7762A50059252C /* Cells */,
			);
			path = View;
			sourceTree = "<group>";
		};
/* End PBXGroup section */

/* Begin PBXNativeTarget section */
		B313A8871D6E97F200A6F508 /* CleanReportTableDemo */ = {
			isa = PBXNativeTarget;
			buildConfigurationList = B313A8B01D6E97F300A6F508 /* Build configuration list for PBXNativeTarget "CleanReportTableDemo" */;
			buildPhases = (
				B313A8841D6E97F200A6F508 /* Sources */,
				B313A8851D6E97F200A6F508 /* Frameworks */,
				B313A8861D6E97F200A6F508 /* Resources */,
			);
			buildRules = (
			);
			dependencies = (
			);
			name = CleanReportTableDemo;
			productName = CleanReportTableDemo;
			productReference = B313A8881D6E97F200A6F508 /* CleanReportTableDemo.app */;
			productType = "com.apple.product-type.application";
		};
/* End PBXNativeTarget section */

/* Begin PBXProject section */
		B313A8801D6E97F200A6F508 /* Project object */ = {
			isa = PBXProject;
			attributes = {
				LastSwiftUpdateCheck = 0730;
				LastUpgradeCheck = 1100;
				ORGANIZATIONNAME = "Lyle Resnick";
				TargetAttributes = {
					B313A8871D6E97F200A6F508 = {
						CreatedOnToolsVersion = 7.3.1;
						DevelopmentTeam = JTC7H5GCJ5;
						LastSwiftMigration = 1100;
					};
				};
			};
			buildConfigurationList = B313A8831D6E97F200A6F508 /* Build configuration list for PBXProject "CleanReportTableDemo" */;
			compatibilityVersion = "Xcode 3.2";
			developmentRegion = en;
			hasScannedForEncodings = 0;
			knownRegions = (
				en,
				Base,
			);
			mainGroup = B313A87F1D6E97F200A6F508;
			productRefGroup = B313A8891D6E97F200A6F508 /* Products */;
			projectDirPath = "";
			projectRoot = "";
			targets = (
				B313A8871D6E97F200A6F508 /* CleanReportTableDemo */,
			);
		};
/* End PBXProject section */

/* Begin PBXResourcesBuildPhase section */
		B313A8861D6E97F200A6F508 /* Resources */ = {
			isa = PBXResourcesBuildPhase;
			buildActionMask = 2147483647;
			files = (
				B3FA9B8C1D7338420076422B /* Main.storyboard in Resources */,
				B313A8961D6E97F200A6F508 /* LaunchScreen.storyboard in Resources */,
				B313A8931D6E97F200A6F508 /* Assets.xcassets in Resources */,
			);
			runOnlyForDeploymentPostprocessing = 0;
		};
/* End PBXResourcesBuildPhase section */

/* Begin PBXSourcesBuildPhase section */
		B313A8841D6E97F200A6F508 /* Sources */ = {
			isa = PBXSourcesBuildPhase;
			buildActionMask = 2147483647;
			files = (
				B3FA9B8A1D73382D0076422B /* TransactionListViewController.swift in Sources */,
				B3F4F2F31E4AA18500E65A75 /* TransactionListUseCaseOutput.swift in Sources */,
				B31212231E4AB3CD0050EBB9 /* TransactionListPresenter.swift in Sources */,
				B3FA9B441D6FEB440076422B /* EntityGatewayImpl.swift in Sources */,
				6DF37C5E21208A3C00348E16 /* ViperPresenterOutput.swift in Sources */,
				B3FA9B8E1D73385B0076422B /* AppDelegate.swift in Sources */,
				6DF37C5C21208A1200348E16 /* ViperUseCaseOutput.swift in Sources */,
				B348D6E51EB7F95300BC010E /* DateFormatter+Format.swift in Sources */,
				B3FA9B861D73382D0076422B /* TransactionListViewReadyOneSourceUseCaseTransformer.swift in Sources */,
				B34F7A451E7763AF0059252C /* TransactionListHeaderCell.swift in Sources */,
				B357A1751EB16045005DF42D /* TransactionListViewModel.swift in Sources */,
				B3DEB40A1F17ABD500CEE4EF /* OneSourceManager.swift in Sources */,
				B331C32B1E9C3E7A00344D09 /* TransactionListGrandFooterCell.swift in Sources */,
				B34F7A4F1E77656A0059252C /* TransactionListMessageCell.swift in Sources */,
				B3C502681F5C6C050018D14A /* TransactionListViewReadyUseCaseOutput.swift in Sources */,
				B31212241E4AB3CD0050EBB9 /* TransactionListPresenterOutput.swift in Sources */,
				B34F7A431E7763710059252C /* TransactionListCell.swift in Sources */,
				B3DEB40B1F17ABD500CEE4EF /* OneSourceManagerImpl.swift in Sources */,
				6D000B6121A846CF00713FD6 /* ViperSimpleDataSourcePresenter.swift in Sources */,
				6DF37C5A212089B600348E16 /* ViperUseCase.swift in Sources */,
				B34F7A4B1E7764E40059252C /* TransactionListSubfooterCell.swift in Sources */,
				B3FA9B851D73382D0076422B /* TransactionListUseCase.swift in Sources */,
				B3FA9B871D73382D0076422B /* TransactionListViewReadyTwoSourceUseCaseTransformer.swift in Sources */,
				B3721B9F1E860BCC0016D404 /* Color.swift in Sources */,
				6DF37C582120882C00348E16 /* ViperPresenter.swift in Sources */,
				6D000B5F21A83E9B00713FD6 /* ViperSimpleTableViewDataSource.swift in Sources */,
				B3DEB40C1F17ABD500CEE4EF /* TwoSourceManager.swift in Sources */,
				B34F7A491E7764B30059252C /* TransactionListDetailCell.swift in Sources */,
				B3C5026A1F5C6F310018D14A /* TransactionListViewReadyPresenterOutput.swift in Sources */,
				B3FA9B401D6FEA470076422B /* EntityGateway.swift in Sources */,
				B3DEB40D1F17ABD500CEE4EF /* TwoSourceManagerImpl.swift in Sources */,
				B34F7A641E7809640059252C /* TransactionGroup.swift in Sources */,
				6DF37C562120880F00348E16 /* ViperViewController.swift in Sources */,
				B312122D1E4ABA730050EBB9 /* TransactionListAdapter.swift in Sources */,
				B34F7A471E7763F80059252C /* TransactionListSubheaderCell.swift in Sources */,
				B3FA9B421D6FEAE50076422B /* TransactionEntity.swift in Sources */,
				B3FA9B821D73382D0076422B /* TransactionListConnector.swift in Sources */,
				6DF37C6221208B3500348E16 /* ViperConnector.swift in Sources */,
				B34F7A4D1E7765330059252C /* TransactionListFooterCell.swift in Sources */,
			);
			runOnlyForDeploymentPostprocessing = 0;
		};
/* End PBXSourcesBuildPhase section */

/* Begin PBXVariantGroup section */
		B313A8941D6E97F200A6F508 /* LaunchScreen.storyboard */ = {
			isa = PBXVariantGroup;
			children = (
				B313A8951D6E97F200A6F508 /* Base */,
			);
			name = LaunchScreen.storyboard;
			sourceTree = "<group>";
		};
/* End PBXVariantGroup section */

/* Begin XCBuildConfiguration section */
		B313A8AE1D6E97F300A6F508 /* Debug */ = {
			isa = XCBuildConfiguration;
			buildSettings = {
				ALWAYS_SEARCH_USER_PATHS = NO;
				CLANG_ANALYZER_LOCALIZABILITY_NONLOCALIZED = YES;
				CLANG_ANALYZER_NONNULL = YES;
				CLANG_CXX_LANGUAGE_STANDARD = "gnu++0x";
				CLANG_CXX_LIBRARY = "libc++";
				CLANG_ENABLE_MODULES = YES;
				CLANG_ENABLE_OBJC_ARC = YES;
				CLANG_WARN_BLOCK_CAPTURE_AUTORELEASING = YES;
				CLANG_WARN_BOOL_CONVERSION = YES;
				CLANG_WARN_COMMA = YES;
				CLANG_WARN_CONSTANT_CONVERSION = YES;
				CLANG_WARN_DEPRECATED_OBJC_IMPLEMENTATIONS = YES;
				CLANG_WARN_DIRECT_OBJC_ISA_USAGE = YES_ERROR;
				CLANG_WARN_EMPTY_BODY = YES;
				CLANG_WARN_ENUM_CONVERSION = YES;
				CLANG_WARN_INFINITE_RECURSION = YES;
				CLANG_WARN_INT_CONVERSION = YES;
				CLANG_WARN_NON_LITERAL_NULL_CONVERSION = YES;
				CLANG_WARN_OBJC_IMPLICIT_RETAIN_SELF = YES;
				CLANG_WARN_OBJC_LITERAL_CONVERSION = YES;
				CLANG_WARN_OBJC_ROOT_CLASS = YES_ERROR;
				CLANG_WARN_RANGE_LOOP_ANALYSIS = YES;
				CLANG_WARN_STRICT_PROTOTYPES = YES;
				CLANG_WARN_SUSPICIOUS_MOVE = YES;
				CLANG_WARN_UNREACHABLE_CODE = YES;
				CLANG_WARN__DUPLICATE_METHOD_MATCH = YES;
				"CODE_SIGN_IDENTITY[sdk=iphoneos*]" = "iPhone Developer";
				COPY_PHASE_STRIP = NO;
				DEBUG_INFORMATION_FORMAT = dwarf;
				ENABLE_STRICT_OBJC_MSGSEND = YES;
				ENABLE_TESTABILITY = YES;
				GCC_C_LANGUAGE_STANDARD = gnu99;
				GCC_DYNAMIC_NO_PIC = NO;
				GCC_NO_COMMON_BLOCKS = YES;
				GCC_OPTIMIZATION_LEVEL = 0;
				GCC_PREPROCESSOR_DEFINITIONS = (
					"DEBUG=1",
					"$(inherited)",
				);
				GCC_WARN_64_TO_32_BIT_CONVERSION = YES;
				GCC_WARN_ABOUT_RETURN_TYPE = YES_ERROR;
				GCC_WARN_UNDECLARED_SELECTOR = YES;
				GCC_WARN_UNINITIALIZED_AUTOS = YES_AGGRESSIVE;
				GCC_WARN_UNUSED_FUNCTION = YES;
				GCC_WARN_UNUSED_VARIABLE = YES;
				IPHONEOS_DEPLOYMENT_TARGET = 9.3;
				MTL_ENABLE_DEBUG_INFO = YES;
				ONLY_ACTIVE_ARCH = YES;
				SDKROOT = iphoneos;
				SWIFT_OPTIMIZATION_LEVEL = "-Onone";
				TARGETED_DEVICE_FAMILY = "1,2";
			};
			name = Debug;
		};
		B313A8AF1D6E97F300A6F508 /* Release */ = {
			isa = XCBuildConfiguration;
			buildSettings = {
				ALWAYS_SEARCH_USER_PATHS = NO;
				CLANG_ANALYZER_LOCALIZABILITY_NONLOCALIZED = YES;
				CLANG_ANALYZER_NONNULL = YES;
				CLANG_CXX_LANGUAGE_STANDARD = "gnu++0x";
				CLANG_CXX_LIBRARY = "libc++";
				CLANG_ENABLE_MODULES = YES;
				CLANG_ENABLE_OBJC_ARC = YES;
				CLANG_WARN_BLOCK_CAPTURE_AUTORELEASING = YES;
				CLANG_WARN_BOOL_CONVERSION = YES;
				CLANG_WARN_COMMA = YES;
				CLANG_WARN_CONSTANT_CONVERSION = YES;
				CLANG_WARN_DEPRECATED_OBJC_IMPLEMENTATIONS = YES;
				CLANG_WARN_DIRECT_OBJC_ISA_USAGE = YES_ERROR;
				CLANG_WARN_EMPTY_BODY = YES;
				CLANG_WARN_ENUM_CONVERSION = YES;
				CLANG_WARN_INFINITE_RECURSION = YES;
				CLANG_WARN_INT_CONVERSION = YES;
				CLANG_WARN_NON_LITERAL_NULL_CONVERSION = YES;
				CLANG_WARN_OBJC_IMPLICIT_RETAIN_SELF = YES;
				CLANG_WARN_OBJC_LITERAL_CONVERSION = YES;
				CLANG_WARN_OBJC_ROOT_CLASS = YES_ERROR;
				CLANG_WARN_RANGE_LOOP_ANALYSIS = YES;
				CLANG_WARN_STRICT_PROTOTYPES = YES;
				CLANG_WARN_SUSPICIOUS_MOVE = YES;
				CLANG_WARN_UNREACHABLE_CODE = YES;
				CLANG_WARN__DUPLICATE_METHOD_MATCH = YES;
				"CODE_SIGN_IDENTITY[sdk=iphoneos*]" = "iPhone Developer";
				COPY_PHASE_STRIP = NO;
				DEBUG_INFORMATION_FORMAT = "dwarf-with-dsym";
				ENABLE_NS_ASSERTIONS = NO;
				ENABLE_STRICT_OBJC_MSGSEND = YES;
				GCC_C_LANGUAGE_STANDARD = gnu99;
				GCC_NO_COMMON_BLOCKS = YES;
				GCC_WARN_64_TO_32_BIT_CONVERSION = YES;
				GCC_WARN_ABOUT_RETURN_TYPE = YES_ERROR;
				GCC_WARN_UNDECLARED_SELECTOR = YES;
				GCC_WARN_UNINITIALIZED_AUTOS = YES_AGGRESSIVE;
				GCC_WARN_UNUSED_FUNCTION = YES;
				GCC_WARN_UNUSED_VARIABLE = YES;
				IPHONEOS_DEPLOYMENT_TARGET = 9.3;
				MTL_ENABLE_DEBUG_INFO = NO;
				SDKROOT = iphoneos;
				SWIFT_OPTIMIZATION_LEVEL = "-Owholemodule";
				TARGETED_DEVICE_FAMILY = "1,2";
				VALIDATE_PRODUCT = YES;
			};
			name = Release;
		};
		B313A8B11D6E97F300A6F508 /* Debug */ = {
			isa = XCBuildConfiguration;
			buildSettings = {
				ASSETCATALOG_COMPILER_APPICON_NAME = AppIcon;
				CODE_SIGN_IDENTITY = "iPhone Developer";
				INFOPLIST_FILE = CleanReportTableDemo/Info.plist;
				LD_RUNPATH_SEARCH_PATHS = "$(inherited) @executable_path/Frameworks";
				PRODUCT_BUNDLE_IDENTIFIER = com.cellarpoint.CleanReportTableDemo;
				PRODUCT_NAME = "$(TARGET_NAME)";
				SWIFT_VERSION = 5.0;
			};
			name = Debug;
		};
		B313A8B21D6E97F300A6F508 /* Release */ = {
			isa = XCBuildConfiguration;
			buildSettings = {
				ASSETCATALOG_COMPILER_APPICON_NAME = AppIcon;
				CODE_SIGN_IDENTITY = "iPhone Developer";
				INFOPLIST_FILE = CleanReportTableDemo/Info.plist;
				LD_RUNPATH_SEARCH_PATHS = "$(inherited) @executable_path/Frameworks";
				PRODUCT_BUNDLE_IDENTIFIER = com.cellarpoint.CleanReportTableDemo;
				PRODUCT_NAME = "$(TARGET_NAME)";
				SWIFT_VERSION = 5.0;
			};
			name = Release;
		};
/* End XCBuildConfiguration section */

/* Begin XCConfigurationList section */
		B313A8831D6E97F200A6F508 /* Build configuration list for PBXProject "CleanReportTableDemo" */ = {
			isa = XCConfigurationList;
			buildConfigurations = (
				B313A8AE1D6E97F300A6F508 /* Debug */,
				B313A8AF1D6E97F300A6F508 /* Release */,
			);
			defaultConfigurationIsVisible = 0;
			defaultConfigurationName = Release;
		};
		B313A8B01D6E97F300A6F508 /* Build configuration list for PBXNativeTarget "CleanReportTableDemo" */ = {
			isa = XCConfigurationList;
			buildConfigurations = (
				B313A8B11D6E97F300A6F508 /* Debug */,
				B313A8B21D6E97F300A6F508 /* Release */,
			);
			defaultConfigurationIsVisible = 0;
			defaultConfigurationName = Release;
		};
/* End XCConfigurationList section */
	};
	rootObject = B313A8801D6E97F200A6F508 /* Project object */;
}
